{
  "name": "generate-control-files",
  "version": "1.0.0",
  "lockfileVersion": 2,
  "requires": true,
  "packages": {
    "": {
      "version": "1.0.0",
      "license": "ISC",
      "dependencies": {
        "qtools-template-replace-for-files": "^1.0.0"
      }
    },
    "node_modules/qtools-functional-library": {
      "version": "1.1.4",
      "resolved": "https://registry.npmjs.org/qtools-functional-library/-/qtools-functional-library-1.1.4.tgz",
      "integrity": "sha512-Go/jyy1TYhWZFQiAYQhaZf7N5bvqpzSZgRCHWetCR3SKqeBMcocypDkMKifPj6Okn43vY+VNgR513CGhME/TSA=="
    },
    "node_modules/qtools-template-replace-for-files": {
      "version": "1.0.0",
      "resolved": "https://registry.npmjs.org/qtools-template-replace-for-files/-/qtools-template-replace-for-files-1.0.0.tgz",
      "integrity": "sha512-Vnj5UoCd5bJOmUnW/RvEKruv6DNOkXGQpkT+aUsu7HwsJmZfw8iTiBnaBX28Tzxm3BllG2I6ctQVUthDWhs4GA==",
      "dependencies": {
        "qtools-functional-library": "^1.1.4"
      }
    }
  },
  "dependencies": {
    "qtools-functional-library": {
      "version": "1.1.4",
      "resolved": "https://registry.npmjs.org/qtools-functional-library/-/qtools-functional-library-1.1.4.tgz",
      "integrity": "sha512-Go/jyy1TYhWZFQiAYQhaZf7N5bvqpzSZgRCHWetCR3SKqeBMcocypDkMKifPj6Okn43vY+VNgR513CGhME/TSA=="
    },
    "qtools-template-replace-for-files": {
      "version": "1.0.0",
      "resolved": "https://registry.npmjs.org/qtools-template-replace-for-files/-/qtools-template-replace-for-files-1.0.0.tgz",
      "integrity": "sha512-Vnj5UoCd5bJOmUnW/RvEKruv6DNOkXGQpkT+aUsu7HwsJmZfw8iTiBnaBX28Tzxm3BllG2I6ctQVUthDWhs4GA==",
      "requires": {
        "qtools-functional-library": "^1.1.4"
      }
    }
  }
}
